
Microsoft Visual Studio Solution File, Format Version 12.00
# Visual Studio Version 17
VisualStudioVersion = 17.2.32630.192
MinimumVisualStudioVersion = 10.0.40219.1
Project("{FAE04EC0-301F-11D3-BF4B-00C04F79EFBC}") = "BookstoreManagment.Api", "BookstoreManagment\BookstoreManagment.Api.csproj", "{3DB68888-46CC-415E-84CA-E3D32C6EED6D}"
EndProject
Project("{2150E333-8FDC-42A3-9474-1A3956D46DE8}") = "Presentation", "Presentation", "{EC51261D-6B20-4FAB-873C-8C9D9EE34840}"
EndProject
Project("{2150E333-8FDC-42A3-9474-1A3956D46DE8}") = "Core", "Core", "{6B1626C6-B050-47D3-A738-B6220A84F620}"
EndProject
Project("{2150E333-8FDC-42A3-9474-1A3956D46DE8}") = "Infrastructure", "Infrastructure", "{108DAC5F-54FC-4C39-9E82-8A4FA235C535}"
EndProject
Project("{2150E333-8FDC-42A3-9474-1A3956D46DE8}") = "Tests", "Tests", "{B60E9AD7-2173-471F-9BC4-BA13D94102B5}"
EndProject
Project("{FAE04EC0-301F-11D3-BF4B-00C04F79EFBC}") = "BookstoreManagment.Infrastructure", "BookstoreManagment.Infrastructure\BookstoreManagment.Infrastructure.csproj", "{8FE7D664-6843-4DE3-9784-96CE390029A3}"
EndProject
Project("{FAE04EC0-301F-11D3-BF4B-00C04F79EFBC}") = "BookstoreManagment.Persistance", "BookstoreManagment.Persistance\BookstoreManagment.Persistance.csproj", "{BD595132-437F-4259-83CC-61D5D7D7CD93}"
EndProject
Project("{FAE04EC0-301F-11D3-BF4B-00C04F79EFBC}") = "BookstoreManagment.Application", "BookstoreManagment.Application\BookstoreManagment.Application.csproj", "{16DCAFA4-344E-49C6-B942-100B742FEAEB}"
EndProject
Project("{FAE04EC0-301F-11D3-BF4B-00C04F79EFBC}") = "BookstoreManagment.Common", "BookstoreManagment.Common\BookstoreManagment.Common.csproj", "{8F34A0AC-FC65-4649-95BD-2E0746114805}"
EndProject
Project("{FAE04EC0-301F-11D3-BF4B-00C04F79EFBC}") = "BookstoreManagment.Domain", "BookstoreManagment.Domain\BookstoreManagment.Domain.csproj", "{A24C16D0-572B-4AC2-83CD-DB8DA138E91B}"
EndProject
Global
	GlobalSection(SolutionConfigurationPlatforms) = preSolution
		Debug|Any CPU = Debug|Any CPU
		Release|Any CPU = Release|Any CPU
	EndGlobalSection
	GlobalSection(ProjectConfigurationPlatforms) = postSolution
		{3DB68888-46CC-415E-84CA-E3D32C6EED6D}.Debug|Any CPU.ActiveCfg = Debug|Any CPU
		{3DB68888-46CC-415E-84CA-E3D32C6EED6D}.Debug|Any CPU.Build.0 = Debug|Any CPU
		{3DB68888-46CC-415E-84CA-E3D32C6EED6D}.Release|Any CPU.ActiveCfg = Release|Any CPU
		{3DB68888-46CC-415E-84CA-E3D32C6EED6D}.Release|Any CPU.Build.0 = Release|Any CPU
		{8FE7D664-6843-4DE3-9784-96CE390029A3}.Debug|Any CPU.ActiveCfg = Debug|Any CPU
		{8FE7D664-6843-4DE3-9784-96CE390029A3}.Debug|Any CPU.Build.0 = Debug|Any CPU
		{8FE7D664-6843-4DE3-9784-96CE390029A3}.Release|Any CPU.ActiveCfg = Release|Any CPU
		{8FE7D664-6843-4DE3-9784-96CE390029A3}.Release|Any CPU.Build.0 = Release|Any CPU
		{BD595132-437F-4259-83CC-61D5D7D7CD93}.Debug|Any CPU.ActiveCfg = Debug|Any CPU
		{BD595132-437F-4259-83CC-61D5D7D7CD93}.Debug|Any CPU.Build.0 = Debug|Any CPU
		{BD595132-437F-4259-83CC-61D5D7D7CD93}.Release|Any CPU.ActiveCfg = Release|Any CPU
		{BD595132-437F-4259-83CC-61D5D7D7CD93}.Release|Any CPU.Build.0 = Release|Any CPU
		{16DCAFA4-344E-49C6-B942-100B742FEAEB}.Debug|Any CPU.ActiveCfg = Debug|Any CPU
		{16DCAFA4-344E-49C6-B942-100B742FEAEB}.Debug|Any CPU.Build.0 = Debug|Any CPU
		{16DCAFA4-344E-49C6-B942-100B742FEAEB}.Release|Any CPU.ActiveCfg = Release|Any CPU
		{16DCAFA4-344E-49C6-B942-100B742FEAEB}.Release|Any CPU.Build.0 = Release|Any CPU
		{8F34A0AC-FC65-4649-95BD-2E0746114805}.Debug|Any CPU.ActiveCfg = Debug|Any CPU
		{8F34A0AC-FC65-4649-95BD-2E0746114805}.Debug|Any CPU.Build.0 = Debug|Any CPU
		{8F34A0AC-FC65-4649-95BD-2E0746114805}.Release|Any CPU.ActiveCfg = Release|Any CPU
		{8F34A0AC-FC65-4649-95BD-2E0746114805}.Release|Any CPU.Build.0 = Release|Any CPU
		{A24C16D0-572B-4AC2-83CD-DB8DA138E91B}.Debug|Any CPU.ActiveCfg = Debug|Any CPU
		{A24C16D0-572B-4AC2-83CD-DB8DA138E91B}.Debug|Any CPU.Build.0 = Debug|Any CPU
		{A24C16D0-572B-4AC2-83CD-DB8DA138E91B}.Release|Any CPU.ActiveCfg = Release|Any CPU
		{A24C16D0-572B-4AC2-83CD-DB8DA138E91B}.Release|Any CPU.Build.0 = Release|Any CPU
	EndGlobalSection
	GlobalSection(SolutionProperties) = preSolution
		HideSolutionNode = FALSE
	EndGlobalSection
	GlobalSection(NestedProjects) = preSolution
		{3DB68888-46CC-415E-84CA-E3D32C6EED6D} = {EC51261D-6B20-4FAB-873C-8C9D9EE34840}
		{8FE7D664-6843-4DE3-9784-96CE390029A3} = {108DAC5F-54FC-4C39-9E82-8A4FA235C535}
		{BD595132-437F-4259-83CC-61D5D7D7CD93} = {108DAC5F-54FC-4C39-9E82-8A4FA235C535}
		{16DCAFA4-344E-49C6-B942-100B742FEAEB} = {6B1626C6-B050-47D3-A738-B6220A84F620}
		{8F34A0AC-FC65-4649-95BD-2E0746114805} = {6B1626C6-B050-47D3-A738-B6220A84F620}
		{A24C16D0-572B-4AC2-83CD-DB8DA138E91B} = {6B1626C6-B050-47D3-A738-B6220A84F620}
	EndGlobalSection
	GlobalSection(ExtensibilityGlobals) = postSolution
		SolutionGuid = {7E4B278A-DC73-405C-AFF7-BE4BC6CDF909}
	EndGlobalSection
EndGlobal
